// !$*UTF8*$!
{
	archiveVersion = 1;
	classes = {
	};
	objectVersion = 56;
	objects = {

/* Begin PBXBuildFile section */
		268B76532B34B3DE00039C9B /* MovieDetailsUITests.swift in Sources */ = {isa = PBXBuildFile; fileRef = 268B76522B34B3DE00039C9B /* MovieDetailsUITests.swift */; };
		269851BD2B308BB5008C0DA1 /* AppDelegate.swift in Sources */ = {isa = PBXBuildFile; fileRef = 269851BC2B308BB5008C0DA1 /* AppDelegate.swift */; };
		269851BF2B308BB5008C0DA1 /* SceneDelegate.swift in Sources */ = {isa = PBXBuildFile; fileRef = 269851BE2B308BB5008C0DA1 /* SceneDelegate.swift */; };
		269851C12B308BB5008C0DA1 /* MovieListViewController.swift in Sources */ = {isa = PBXBuildFile; fileRef = 269851C02B308BB5008C0DA1 /* MovieListViewController.swift */; };
		269851C62B308BB6008C0DA1 /* Assets.xcassets in Resources */ = {isa = PBXBuildFile; fileRef = 269851C52B308BB6008C0DA1 /* Assets.xcassets */; };
		269851C92B308BB6008C0DA1 /* LaunchScreen.storyboard in Resources */ = {isa = PBXBuildFile; fileRef = 269851C72B308BB6008C0DA1 /* LaunchScreen.storyboard */; };
		269851D42B308BB7008C0DA1 /* MovieListJsonMappingTest.swift in Sources */ = {isa = PBXBuildFile; fileRef = 269851D32B308BB7008C0DA1 /* MovieListJsonMappingTest.swift */; };
		269851DE2B308BB7008C0DA1 /* MovieListUITests.swift in Sources */ = {isa = PBXBuildFile; fileRef = 269851DD2B308BB7008C0DA1 /* MovieListUITests.swift */; };
		269851E02B308BB7008C0DA1 /* YassirTestTaskUITestsLaunchTests.swift in Sources */ = {isa = PBXBuildFile; fileRef = 269851DF2B308BB7008C0DA1 /* YassirTestTaskUITestsLaunchTests.swift */; };
		269851F22B309060008C0DA1 /* MovieStoryScenarioBuilder.swift in Sources */ = {isa = PBXBuildFile; fileRef = 269851F12B309060008C0DA1 /* MovieStoryScenarioBuilder.swift */; };
		269851F42B30931F008C0DA1 /* MovieDatailsViewController.swift in Sources */ = {isa = PBXBuildFile; fileRef = 269851F32B30931F008C0DA1 /* MovieDatailsViewController.swift */; };
		269851F62B309434008C0DA1 /* Constants.swift in Sources */ = {isa = PBXBuildFile; fileRef = 269851F52B309434008C0DA1 /* Constants.swift */; };
		269851F82B3095F1008C0DA1 /* HttpClient.swift in Sources */ = {isa = PBXBuildFile; fileRef = 269851F72B3095F1008C0DA1 /* HttpClient.swift */; };
		269851FB2B3099F3008C0DA1 /* MovieListService.swift in Sources */ = {isa = PBXBuildFile; fileRef = 269851FA2B3099F3008C0DA1 /* MovieListService.swift */; };
		269851FD2B309B20008C0DA1 /* MovieListRouter.swift in Sources */ = {isa = PBXBuildFile; fileRef = 269851FC2B309B20008C0DA1 /* MovieListRouter.swift */; };
		269851FF2B309BA9008C0DA1 /* MovieListPresenter.swift in Sources */ = {isa = PBXBuildFile; fileRef = 269851FE2B309BA9008C0DA1 /* MovieListPresenter.swift */; };
		269852012B309BEB008C0DA1 /* MovieListViewInterface.swift in Sources */ = {isa = PBXBuildFile; fileRef = 269852002B309BEB008C0DA1 /* MovieListViewInterface.swift */; };
		269852062B309D2E008C0DA1 /* MovieCell.swift in Sources */ = {isa = PBXBuildFile; fileRef = 269852052B309D2E008C0DA1 /* MovieCell.swift */; };
		269852082B309D47008C0DA1 /* MovieCellViewModel.swift in Sources */ = {isa = PBXBuildFile; fileRef = 269852072B309D47008C0DA1 /* MovieCellViewModel.swift */; };
		2698520B2B309DA1008C0DA1 /* Movie.swift in Sources */ = {isa = PBXBuildFile; fileRef = 2698520A2B309DA1008C0DA1 /* Movie.swift */; };
		2698520D2B309E0E008C0DA1 /* ApiError.swift in Sources */ = {isa = PBXBuildFile; fileRef = 2698520C2B309E0E008C0DA1 /* ApiError.swift */; };
		2698520F2B309E27008C0DA1 /* ArrayExtensions.swift in Sources */ = {isa = PBXBuildFile; fileRef = 2698520E2B309E27008C0DA1 /* ArrayExtensions.swift */; };
		269852112B30A51B008C0DA1 /* MovieDetailsService.swift in Sources */ = {isa = PBXBuildFile; fileRef = 269852102B30A51B008C0DA1 /* MovieDetailsService.swift */; };
		26AC86292B344EF10083B363 /* MovieList.swift in Sources */ = {isa = PBXBuildFile; fileRef = 26AC86282B344EF10083B363 /* MovieList.swift */; };
		26AC862C2B3458B70083B363 /* discover.json in Resources */ = {isa = PBXBuildFile; fileRef = 26AC862B2B3458B70083B363 /* discover.json */; };
		26AC86302B3459200083B363 /* LoadFromJsonHelper.swift in Sources */ = {isa = PBXBuildFile; fileRef = 26AC862F2B3459200083B363 /* LoadFromJsonHelper.swift */; };
		26AC86332B345A610083B363 /* MovieListMapperTestHelper.swift in Sources */ = {isa = PBXBuildFile; fileRef = 26AC86322B345A610083B363 /* MovieListMapperTestHelper.swift */; };
		26AC86372B3461890083B363 /* HttpClientMock.swift in Sources */ = {isa = PBXBuildFile; fileRef = 26AC86362B3461890083B363 /* HttpClientMock.swift */; };
		26AC86392B3462E70083B363 /* MovieDetails.swift in Sources */ = {isa = PBXBuildFile; fileRef = 26AC86382B3462E70083B363 /* MovieDetails.swift */; };
		26AC863B2B34680F0083B363 /* ImageLoader.swift in Sources */ = {isa = PBXBuildFile; fileRef = 26AC863A2B34680F0083B363 /* ImageLoader.swift */; };
		26EE43B52B347B4B00139073 /* MovieListPresenterTest.swift in Sources */ = {isa = PBXBuildFile; fileRef = 26EE43B42B347B4B00139073 /* MovieListPresenterTest.swift */; };
		26EE43B72B347BBB00139073 /* MovieListRouterMock.swift in Sources */ = {isa = PBXBuildFile; fileRef = 26EE43B62B347BBB00139073 /* MovieListRouterMock.swift */; };
		26EE43B92B347E0200139073 /* MovieListViewInterfaceMock.swift in Sources */ = {isa = PBXBuildFile; fileRef = 26EE43B82B347E0200139073 /* MovieListViewInterfaceMock.swift */; };
		26EE43BB2B347E0D00139073 /* MovieListServiceMock.swift in Sources */ = {isa = PBXBuildFile; fileRef = 26EE43BA2B347E0D00139073 /* MovieListServiceMock.swift */; };
		26EE43BD2B348FB600139073 /* MovieDetailsPresenter.swift in Sources */ = {isa = PBXBuildFile; fileRef = 26EE43BC2B348FB600139073 /* MovieDetailsPresenter.swift */; };
		26EE43BF2B348FC700139073 /* MovieDetailsViewInterface.swift in Sources */ = {isa = PBXBuildFile; fileRef = 26EE43BE2B348FC700139073 /* MovieDetailsViewInterface.swift */; };
		26EE43C12B348FD900139073 /* MovieDetailsRouter.swift in Sources */ = {isa = PBXBuildFile; fileRef = 26EE43C02B348FD900139073 /* MovieDetailsRouter.swift */; };
		26EE43C32B3497BD00139073 /* MovieDetailsViewData.swift in Sources */ = {isa = PBXBuildFile; fileRef = 26EE43C22B3497BD00139073 /* MovieDetailsViewData.swift */; };
/* End PBXBuildFile section */

/* Begin PBXContainerItemProxy section */
		269851D02B308BB7008C0DA1 /* PBXContainerItemProxy */ = {
			isa = PBXContainerItemProxy;
			containerPortal = 269851B12B308BB4008C0DA1 /* Project object */;
			proxyType = 1;
			remoteGlobalIDString = 269851B82B308BB5008C0DA1;
			remoteInfo = YassirTestTask;
		};
		269851DA2B308BB7008C0DA1 /* PBXContainerItemProxy */ = {
			isa = PBXContainerItemProxy;
			containerPortal = 269851B12B308BB4008C0DA1 /* Project object */;
			proxyType = 1;
			remoteGlobalIDString = 269851B82B308BB5008C0DA1;
			remoteInfo = YassirTestTask;
		};
/* End PBXContainerItemProxy section */

/* Begin PBXFileReference section */
		268B76522B34B3DE00039C9B /* MovieDetailsUITests.swift */ = {isa = PBXFileReference; lastKnownFileType = sourcecode.swift; path = MovieDetailsUITests.swift; sourceTree = "<group>"; };
		269851B92B308BB5008C0DA1 /* YassirTestTask.app */ = {isa = PBXFileReference; explicitFileType = wrapper.application; includeInIndex = 0; path = YassirTestTask.app; sourceTree = BUILT_PRODUCTS_DIR; };
		269851BC2B308BB5008C0DA1 /* AppDelegate.swift */ = {isa = PBXFileReference; lastKnownFileType = sourcecode.swift; path = AppDelegate.swift; sourceTree = "<group>"; };
		269851BE2B308BB5008C0DA1 /* SceneDelegate.swift */ = {isa = PBXFileReference; lastKnownFileType = sourcecode.swift; path = SceneDelegate.swift; sourceTree = "<group>"; };
		269851C02B308BB5008C0DA1 /* MovieListViewController.swift */ = {isa = PBXFileReference; lastKnownFileType = sourcecode.swift; path = MovieListViewController.swift; sourceTree = "<group>"; };
		269851C52B308BB6008C0DA1 /* Assets.xcassets */ = {isa = PBXFileReference; lastKnownFileType = folder.assetcatalog; path = Assets.xcassets; sourceTree = "<group>"; };
		269851C82B308BB6008C0DA1 /* Base */ = {isa = PBXFileReference; lastKnownFileType = file.storyboard; name = Base; path = Base.lproj/LaunchScreen.storyboard; sourceTree = "<group>"; };
		269851CA2B308BB6008C0DA1 /* Info.plist */ = {isa = PBXFileReference; lastKnownFileType = text.plist.xml; path = Info.plist; sourceTree = "<group>"; };
		269851CF2B308BB7008C0DA1 /* YassirTestTaskTests.xctest */ = {isa = PBXFileReference; explicitFileType = wrapper.cfbundle; includeInIndex = 0; path = YassirTestTaskTests.xctest; sourceTree = BUILT_PRODUCTS_DIR; };
		269851D32B308BB7008C0DA1 /* MovieListJsonMappingTest.swift */ = {isa = PBXFileReference; lastKnownFileType = sourcecode.swift; path = MovieListJsonMappingTest.swift; sourceTree = "<group>"; };
		269851D92B308BB7008C0DA1 /* YassirTestTaskUITests.xctest */ = {isa = PBXFileReference; explicitFileType = wrapper.cfbundle; includeInIndex = 0; path = YassirTestTaskUITests.xctest; sourceTree = BUILT_PRODUCTS_DIR; };
		269851DD2B308BB7008C0DA1 /* MovieListUITests.swift */ = {isa = PBXFileReference; lastKnownFileType = sourcecode.swift; path = MovieListUITests.swift; sourceTree = "<group>"; };
		269851DF2B308BB7008C0DA1 /* YassirTestTaskUITestsLaunchTests.swift */ = {isa = PBXFileReference; lastKnownFileType = sourcecode.swift; path = YassirTestTaskUITestsLaunchTests.swift; sourceTree = "<group>"; };
		269851F12B309060008C0DA1 /* MovieStoryScenarioBuilder.swift */ = {isa = PBXFileReference; lastKnownFileType = sourcecode.swift; path = MovieStoryScenarioBuilder.swift; sourceTree = "<group>"; };
		269851F32B30931F008C0DA1 /* MovieDatailsViewController.swift */ = {isa = PBXFileReference; lastKnownFileType = sourcecode.swift; path = MovieDatailsViewController.swift; sourceTree = "<group>"; };
		269851F52B309434008C0DA1 /* Constants.swift */ = {isa = PBXFileReference; lastKnownFileType = sourcecode.swift; path = Constants.swift; sourceTree = "<group>"; };
		269851F72B3095F1008C0DA1 /* HttpClient.swift */ = {isa = PBXFileReference; lastKnownFileType = sourcecode.swift; path = HttpClient.swift; sourceTree = "<group>"; };
		269851FA2B3099F3008C0DA1 /* MovieListService.swift */ = {isa = PBXFileReference; lastKnownFileType = sourcecode.swift; path = MovieListService.swift; sourceTree = "<group>"; };
		269851FC2B309B20008C0DA1 /* MovieListRouter.swift */ = {isa = PBXFileReference; lastKnownFileType = sourcecode.swift; path = MovieListRouter.swift; sourceTree = "<group>"; };
		269851FE2B309BA9008C0DA1 /* MovieListPresenter.swift */ = {isa = PBXFileReference; lastKnownFileType = sourcecode.swift; path = MovieListPresenter.swift; sourceTree = "<group>"; };
		269852002B309BEB008C0DA1 /* MovieListViewInterface.swift */ = {isa = PBXFileReference; lastKnownFileType = sourcecode.swift; path = MovieListViewInterface.swift; sourceTree = "<group>"; };
		269852052B309D2E008C0DA1 /* MovieCell.swift */ = {isa = PBXFileReference; lastKnownFileType = sourcecode.swift; path = MovieCell.swift; sourceTree = "<group>"; };
		269852072B309D47008C0DA1 /* MovieCellViewModel.swift */ = {isa = PBXFileReference; lastKnownFileType = sourcecode.swift; path = MovieCellViewModel.swift; sourceTree = "<group>"; };
		2698520A2B309DA1008C0DA1 /* Movie.swift */ = {isa = PBXFileReference; lastKnownFileType = sourcecode.swift; path = Movie.swift; sourceTree = "<group>"; };
		2698520C2B309E0E008C0DA1 /* ApiError.swift */ = {isa = PBXFileReference; lastKnownFileType = sourcecode.swift; path = ApiError.swift; sourceTree = "<group>"; };
		2698520E2B309E27008C0DA1 /* ArrayExtensions.swift */ = {isa = PBXFileReference; lastKnownFileType = sourcecode.swift; path = ArrayExtensions.swift; sourceTree = "<group>"; };
		269852102B30A51B008C0DA1 /* MovieDetailsService.swift */ = {isa = PBXFileReference; lastKnownFileType = sourcecode.swift; path = MovieDetailsService.swift; sourceTree = "<group>"; };
		26AC86282B344EF10083B363 /* MovieList.swift */ = {isa = PBXFileReference; lastKnownFileType = sourcecode.swift; path = MovieList.swift; sourceTree = "<group>"; };
		26AC862B2B3458B70083B363 /* discover.json */ = {isa = PBXFileReference; fileEncoding = 4; lastKnownFileType = text.json; path = discover.json; sourceTree = "<group>"; };
		26AC862F2B3459200083B363 /* LoadFromJsonHelper.swift */ = {isa = PBXFileReference; lastKnownFileType = sourcecode.swift; path = LoadFromJsonHelper.swift; sourceTree = "<group>"; };
		26AC86322B345A610083B363 /* MovieListMapperTestHelper.swift */ = {isa = PBXFileReference; lastKnownFileType = sourcecode.swift; path = MovieListMapperTestHelper.swift; sourceTree = "<group>"; };
		26AC86362B3461890083B363 /* HttpClientMock.swift */ = {isa = PBXFileReference; lastKnownFileType = sourcecode.swift; path = HttpClientMock.swift; sourceTree = "<group>"; };
		26AC86382B3462E70083B363 /* MovieDetails.swift */ = {isa = PBXFileReference; lastKnownFileType = sourcecode.swift; path = MovieDetails.swift; sourceTree = "<group>"; };
		26AC863A2B34680F0083B363 /* ImageLoader.swift */ = {isa = PBXFileReference; lastKnownFileType = sourcecode.swift; path = ImageLoader.swift; sourceTree = "<group>"; };
		26EE43B42B347B4B00139073 /* MovieListPresenterTest.swift */ = {isa = PBXFileReference; lastKnownFileType = sourcecode.swift; path = MovieListPresenterTest.swift; sourceTree = "<group>"; };
		26EE43B62B347BBB00139073 /* MovieListRouterMock.swift */ = {isa = PBXFileReference; lastKnownFileType = sourcecode.swift; path = MovieListRouterMock.swift; sourceTree = "<group>"; };
		26EE43B82B347E0200139073 /* MovieListViewInterfaceMock.swift */ = {isa = PBXFileReference; lastKnownFileType = sourcecode.swift; path = MovieListViewInterfaceMock.swift; sourceTree = "<group>"; };
		26EE43BA2B347E0D00139073 /* MovieListServiceMock.swift */ = {isa = PBXFileReference; lastKnownFileType = sourcecode.swift; path = MovieListServiceMock.swift; sourceTree = "<group>"; };
		26EE43BC2B348FB600139073 /* MovieDetailsPresenter.swift */ = {isa = PBXFileReference; lastKnownFileType = sourcecode.swift; path = MovieDetailsPresenter.swift; sourceTree = "<group>"; };
		26EE43BE2B348FC700139073 /* MovieDetailsViewInterface.swift */ = {isa = PBXFileReference; lastKnownFileType = sourcecode.swift; path = MovieDetailsViewInterface.swift; sourceTree = "<group>"; };
		26EE43C02B348FD900139073 /* MovieDetailsRouter.swift */ = {isa = PBXFileReference; lastKnownFileType = sourcecode.swift; path = MovieDetailsRouter.swift; sourceTree = "<group>"; };
		26EE43C22B3497BD00139073 /* MovieDetailsViewData.swift */ = {isa = PBXFileReference; lastKnownFileType = sourcecode.swift; path = MovieDetailsViewData.swift; sourceTree = "<group>"; };
/* End PBXFileReference section */

/* Begin PBXFrameworksBuildPhase section */
		269851B62B308BB5008C0DA1 /* Frameworks */ = {
			isa = PBXFrameworksBuildPhase;
			buildActionMask = 2147483647;
			files = (
			);
			runOnlyForDeploymentPostprocessing = 0;
		};
		269851CC2B308BB7008C0DA1 /* Frameworks */ = {
			isa = PBXFrameworksBuildPhase;
			buildActionMask = 2147483647;
			files = (
			);
			runOnlyForDeploymentPostprocessing = 0;
		};
		269851D62B308BB7008C0DA1 /* Frameworks */ = {
			isa = PBXFrameworksBuildPhase;
			buildActionMask = 2147483647;
			files = (
			);
			runOnlyForDeploymentPostprocessing = 0;
		};
/* End PBXFrameworksBuildPhase section */

/* Begin PBXGroup section */
		269851B02B308BB4008C0DA1 = {
			isa = PBXGroup;
			children = (
				269851BB2B308BB5008C0DA1 /* YassirTestTask */,
				269851D22B308BB7008C0DA1 /* YassirTestTaskTests */,
				269851DC2B308BB7008C0DA1 /* YassirTestTaskUITests */,
				269851BA2B308BB5008C0DA1 /* Products */,
			);
			sourceTree = "<group>";
		};
		269851BA2B308BB5008C0DA1 /* Products */ = {
			isa = PBXGroup;
			children = (
				269851B92B308BB5008C0DA1 /* YassirTestTask.app */,
				269851CF2B308BB7008C0DA1 /* YassirTestTaskTests.xctest */,
				269851D92B308BB7008C0DA1 /* YassirTestTaskUITests.xctest */,
			);
			name = Products;
			sourceTree = "<group>";
		};
		269851BB2B308BB5008C0DA1 /* YassirTestTask */ = {
			isa = PBXGroup;
			children = (
				269851BC2B308BB5008C0DA1 /* AppDelegate.swift */,
				269851BE2B308BB5008C0DA1 /* SceneDelegate.swift */,
				269851F02B308F05008C0DA1 /* Resources */,
				269851EF2B308EF5008C0DA1 /* Helpers */,
				269851EC2B308EAB008C0DA1 /* MovieStory */,
			);
			path = YassirTestTask;
			sourceTree = "<group>";
		};
		269851D22B308BB7008C0DA1 /* YassirTestTaskTests */ = {
			isa = PBXGroup;
			children = (
				26AC86312B3459280083B363 /* Helpers */,
				26AC862A2B3458960083B363 /* Json */,
				269851D32B308BB7008C0DA1 /* MovieListJsonMappingTest.swift */,
				26EE43B42B347B4B00139073 /* MovieListPresenterTest.swift */,
			);
			path = YassirTestTaskTests;
			sourceTree = "<group>";
		};
		269851DC2B308BB7008C0DA1 /* YassirTestTaskUITests */ = {
			isa = PBXGroup;
			children = (
				269851DD2B308BB7008C0DA1 /* MovieListUITests.swift */,
				268B76522B34B3DE00039C9B /* MovieDetailsUITests.swift */,
				269851DF2B308BB7008C0DA1 /* YassirTestTaskUITestsLaunchTests.swift */,
			);
			path = YassirTestTaskUITests;
			sourceTree = "<group>";
		};
		269851EC2B308EAB008C0DA1 /* MovieStory */ = {
			isa = PBXGroup;
			children = (
				269851F12B309060008C0DA1 /* MovieStoryScenarioBuilder.swift */,
				269852092B309D94008C0DA1 /* Models */,
				269851F92B3099C6008C0DA1 /* Services */,
				269851ED2B308EBF008C0DA1 /* MovieList */,
				269851EE2B308EC8008C0DA1 /* MovieDetails */,
			);
			path = MovieStory;
			sourceTree = "<group>";
		};
		269851ED2B308EBF008C0DA1 /* MovieList */ = {
			isa = PBXGroup;
			children = (
				269852042B309D1D008C0DA1 /* Cells */,
				269851C02B308BB5008C0DA1 /* MovieListViewController.swift */,
				269851FC2B309B20008C0DA1 /* MovieListRouter.swift */,
				269851FE2B309BA9008C0DA1 /* MovieListPresenter.swift */,
				269852002B309BEB008C0DA1 /* MovieListViewInterface.swift */,
			);
			path = MovieList;
			sourceTree = "<group>";
		};
		269851EE2B308EC8008C0DA1 /* MovieDetails */ = {
			isa = PBXGroup;
			children = (
				26EE43C22B3497BD00139073 /* MovieDetailsViewData.swift */,
				269851F32B30931F008C0DA1 /* MovieDatailsViewController.swift */,
				26EE43C02B348FD900139073 /* MovieDetailsRouter.swift */,
				26EE43BC2B348FB600139073 /* MovieDetailsPresenter.swift */,
				26EE43BE2B348FC700139073 /* MovieDetailsViewInterface.swift */,
			);
			path = MovieDetails;
			sourceTree = "<group>";
		};
		269851EF2B308EF5008C0DA1 /* Helpers */ = {
			isa = PBXGroup;
			children = (
				269851F52B309434008C0DA1 /* Constants.swift */,
				269851F72B3095F1008C0DA1 /* HttpClient.swift */,
				2698520C2B309E0E008C0DA1 /* ApiError.swift */,
				2698520E2B309E27008C0DA1 /* ArrayExtensions.swift */,
				26AC863A2B34680F0083B363 /* ImageLoader.swift */,
			);
			path = Helpers;
			sourceTree = "<group>";
		};
		269851F02B308F05008C0DA1 /* Resources */ = {
			isa = PBXGroup;
			children = (
				269851C52B308BB6008C0DA1 /* Assets.xcassets */,
				269851C72B308BB6008C0DA1 /* LaunchScreen.storyboard */,
				269851CA2B308BB6008C0DA1 /* Info.plist */,
			);
			path = Resources;
			sourceTree = "<group>";
		};
		269851F92B3099C6008C0DA1 /* Services */ = {
			isa = PBXGroup;
			children = (
				269851FA2B3099F3008C0DA1 /* MovieListService.swift */,
				269852102B30A51B008C0DA1 /* MovieDetailsService.swift */,
			);
			path = Services;
			sourceTree = "<group>";
		};
		269852042B309D1D008C0DA1 /* Cells */ = {
			isa = PBXGroup;
			children = (
				269852052B309D2E008C0DA1 /* MovieCell.swift */,
				269852072B309D47008C0DA1 /* MovieCellViewModel.swift */,
			);
			path = Cells;
			sourceTree = "<group>";
		};
		269852092B309D94008C0DA1 /* Models */ = {
			isa = PBXGroup;
			children = (
				2698520A2B309DA1008C0DA1 /* Movie.swift */,
				26AC86382B3462E70083B363 /* MovieDetails.swift */,
				26AC86282B344EF10083B363 /* MovieList.swift */,
			);
			path = Models;
			sourceTree = "<group>";
		};
		26AC862A2B3458960083B363 /* Json */ = {
			isa = PBXGroup;
			children = (
				26AC862B2B3458B70083B363 /* discover.json */,
			);
			path = Json;
			sourceTree = "<group>";
		};
		26AC86312B3459280083B363 /* Helpers */ = {
			isa = PBXGroup;
			children = (
				26AC862F2B3459200083B363 /* LoadFromJsonHelper.swift */,
				26AC86322B345A610083B363 /* MovieListMapperTestHelper.swift */,
				26AC86362B3461890083B363 /* HttpClientMock.swift */,
				26EE43B62B347BBB00139073 /* MovieListRouterMock.swift */,
				26EE43B82B347E0200139073 /* MovieListViewInterfaceMock.swift */,
				26EE43BA2B347E0D00139073 /* MovieListServiceMock.swift */,
			);
			path = Helpers;
			sourceTree = "<group>";
		};
/* End PBXGroup section */

/* Begin PBXNativeTarget section */
		269851B82B308BB5008C0DA1 /* YassirTestTask */ = {
			isa = PBXNativeTarget;
			buildConfigurationList = 269851E32B308BB7008C0DA1 /* Build configuration list for PBXNativeTarget "YassirTestTask" */;
			buildPhases = (
				269851B52B308BB5008C0DA1 /* Sources */,
				269851B62B308BB5008C0DA1 /* Frameworks */,
				269851B72B308BB5008C0DA1 /* Resources */,
			);
			buildRules = (
			);
			dependencies = (
			);
			name = YassirTestTask;
			productName = YassirTestTask;
			productReference = 269851B92B308BB5008C0DA1 /* YassirTestTask.app */;
			productType = "com.apple.product-type.application";
		};
		269851CE2B308BB7008C0DA1 /* YassirTestTaskTests */ = {
			isa = PBXNativeTarget;
			buildConfigurationList = 269851E62B308BB7008C0DA1 /* Build configuration list for PBXNativeTarget "YassirTestTaskTests" */;
			buildPhases = (
				269851CB2B308BB7008C0DA1 /* Sources */,
				269851CC2B308BB7008C0DA1 /* Frameworks */,
				269851CD2B308BB7008C0DA1 /* Resources */,
			);
			buildRules = (
			);
			dependencies = (
				269851D12B308BB7008C0DA1 /* PBXTargetDependency */,
			);
			name = YassirTestTaskTests;
			productName = YassirTestTaskTests;
			productReference = 269851CF2B308BB7008C0DA1 /* YassirTestTaskTests.xctest */;
			productType = "com.apple.product-type.bundle.unit-test";
		};
		269851D82B308BB7008C0DA1 /* YassirTestTaskUITests */ = {
			isa = PBXNativeTarget;
			buildConfigurationList = 269851E92B308BB7008C0DA1 /* Build configuration list for PBXNativeTarget "YassirTestTaskUITests" */;
			buildPhases = (
				269851D52B308BB7008C0DA1 /* Sources */,
				269851D62B308BB7008C0DA1 /* Frameworks */,
				269851D72B308BB7008C0DA1 /* Resources */,
			);
			buildRules = (
			);
			dependencies = (
				269851DB2B308BB7008C0DA1 /* PBXTargetDependency */,
			);
			name = YassirTestTaskUITests;
			productName = YassirTestTaskUITests;
			productReference = 269851D92B308BB7008C0DA1 /* YassirTestTaskUITests.xctest */;
			productType = "com.apple.product-type.bundle.ui-testing";
		};
/* End PBXNativeTarget section */

/* Begin PBXProject section */
		269851B12B308BB4008C0DA1 /* Project object */ = {
			isa = PBXProject;
			attributes = {
				BuildIndependentTargetsInParallel = 1;
				LastSwiftUpdateCheck = 1510;
				LastUpgradeCheck = 1510;
				TargetAttributes = {
					269851B82B308BB5008C0DA1 = {
						CreatedOnToolsVersion = 15.1;
					};
					269851CE2B308BB7008C0DA1 = {
						CreatedOnToolsVersion = 15.1;
						TestTargetID = 269851B82B308BB5008C0DA1;
					};
					269851D82B308BB7008C0DA1 = {
						CreatedOnToolsVersion = 15.1;
						TestTargetID = 269851B82B308BB5008C0DA1;
					};
				};
			};
			buildConfigurationList = 269851B42B308BB4008C0DA1 /* Build configuration list for PBXProject "YassirTestTask" */;
			compatibilityVersion = "Xcode 14.0";
			developmentRegion = en;
			hasScannedForEncodings = 0;
			knownRegions = (
				en,
				Base,
			);
			mainGroup = 269851B02B308BB4008C0DA1;
			productRefGroup = 269851BA2B308BB5008C0DA1 /* Products */;
			projectDirPath = "";
			projectRoot = "";
			targets = (
				269851B82B308BB5008C0DA1 /* YassirTestTask */,
				269851CE2B308BB7008C0DA1 /* YassirTestTaskTests */,
				269851D82B308BB7008C0DA1 /* YassirTestTaskUITests */,
			);
		};
/* End PBXProject section */

/* Begin PBXResourcesBuildPhase section */
		269851B72B308BB5008C0DA1 /* Resources */ = {
			isa = PBXResourcesBuildPhase;
			buildActionMask = 2147483647;
			files = (
				269851C92B308BB6008C0DA1 /* LaunchScreen.storyboard in Resources */,
				269851C62B308BB6008C0DA1 /* Assets.xcassets in Resources */,
			);
			runOnlyForDeploymentPostprocessing = 0;
		};
		269851CD2B308BB7008C0DA1 /* Resources */ = {
			isa = PBXResourcesBuildPhase;
			buildActionMask = 2147483647;
			files = (
				26AC862C2B3458B70083B363 /* discover.json in Resources */,
			);
			runOnlyForDeploymentPostprocessing = 0;
		};
		269851D72B308BB7008C0DA1 /* Resources */ = {
			isa = PBXResourcesBuildPhase;
			buildActionMask = 2147483647;
			files = (
			);
			runOnlyForDeploymentPostprocessing = 0;
		};
/* End PBXResourcesBuildPhase section */

/* Begin PBXSourcesBuildPhase section */
		269851B52B308BB5008C0DA1 /* Sources */ = {
			isa = PBXSourcesBuildPhase;
			buildActionMask = 2147483647;
			files = (
				26EE43BF2B348FC700139073 /* MovieDetailsViewInterface.swift in Sources */,
				269852062B309D2E008C0DA1 /* MovieCell.swift in Sources */,
				269851C12B308BB5008C0DA1 /* MovieListViewController.swift in Sources */,
				26AC863B2B34680F0083B363 /* ImageLoader.swift in Sources */,
				269851BD2B308BB5008C0DA1 /* AppDelegate.swift in Sources */,
				269852112B30A51B008C0DA1 /* MovieDetailsService.swift in Sources */,
				269851F42B30931F008C0DA1 /* MovieDatailsViewController.swift in Sources */,
				269851F22B309060008C0DA1 /* MovieStoryScenarioBuilder.swift in Sources */,
				26EE43C32B3497BD00139073 /* MovieDetailsViewData.swift in Sources */,
				269852082B309D47008C0DA1 /* MovieCellViewModel.swift in Sources */,
				26AC86292B344EF10083B363 /* MovieList.swift in Sources */,
				269851FD2B309B20008C0DA1 /* MovieListRouter.swift in Sources */,
				269851F82B3095F1008C0DA1 /* HttpClient.swift in Sources */,
				26EE43BD2B348FB600139073 /* MovieDetailsPresenter.swift in Sources */,
				26EE43C12B348FD900139073 /* MovieDetailsRouter.swift in Sources */,
				269851BF2B308BB5008C0DA1 /* SceneDelegate.swift in Sources */,
				269851FB2B3099F3008C0DA1 /* MovieListService.swift in Sources */,
				269851F62B309434008C0DA1 /* Constants.swift in Sources */,
				2698520F2B309E27008C0DA1 /* ArrayExtensions.swift in Sources */,
				269852012B309BEB008C0DA1 /* MovieListViewInterface.swift in Sources */,
				269851FF2B309BA9008C0DA1 /* MovieListPresenter.swift in Sources */,
				2698520D2B309E0E008C0DA1 /* ApiError.swift in Sources */,
				26AC86392B3462E70083B363 /* MovieDetails.swift in Sources */,
				2698520B2B309DA1008C0DA1 /* Movie.swift in Sources */,
			);
			runOnlyForDeploymentPostprocessing = 0;
		};
		269851CB2B308BB7008C0DA1 /* Sources */ = {
			isa = PBXSourcesBuildPhase;
			buildActionMask = 2147483647;
			files = (
				26AC86372B3461890083B363 /* HttpClientMock.swift in Sources */,
				26AC86332B345A610083B363 /* MovieListMapperTestHelper.swift in Sources */,
				269851D42B308BB7008C0DA1 /* MovieListJsonMappingTest.swift in Sources */,
				26EE43B92B347E0200139073 /* MovieListViewInterfaceMock.swift in Sources */,
				26EE43BB2B347E0D00139073 /* MovieListServiceMock.swift in Sources */,
				26EE43B52B347B4B00139073 /* MovieListPresenterTest.swift in Sources */,
				26AC86302B3459200083B363 /* LoadFromJsonHelper.swift in Sources */,
				26EE43B72B347BBB00139073 /* MovieListRouterMock.swift in Sources */,
			);
			runOnlyForDeploymentPostprocessing = 0;
		};
		269851D52B308BB7008C0DA1 /* Sources */ = {
			isa = PBXSourcesBuildPhase;
			buildActionMask = 2147483647;
			files = (
				269851E02B308BB7008C0DA1 /* YassirTestTaskUITestsLaunchTests.swift in Sources */,
				268B76532B34B3DE00039C9B /* MovieDetailsUITests.swift in Sources */,
				269851DE2B308BB7008C0DA1 /* MovieListUITests.swift in Sources */,
			);
			runOnlyForDeploymentPostprocessing = 0;
		};
/* End PBXSourcesBuildPhase section */

/* Begin PBXTargetDependency section */
		269851D12B308BB7008C0DA1 /* PBXTargetDependency */ = {
			isa = PBXTargetDependency;
			target = 269851B82B308BB5008C0DA1 /* YassirTestTask */;
			targetProxy = 269851D02B308BB7008C0DA1 /* PBXContainerItemProxy */;
		};
		269851DB2B308BB7008C0DA1 /* PBXTargetDependency */ = {
			isa = PBXTargetDependency;
			target = 269851B82B308BB5008C0DA1 /* YassirTestTask */;
			targetProxy = 269851DA2B308BB7008C0DA1 /* PBXContainerItemProxy */;
		};
/* End PBXTargetDependency section */

/* Begin PBXVariantGroup section */
		269851C72B308BB6008C0DA1 /* LaunchScreen.storyboard */ = {
			isa = PBXVariantGroup;
			children = (
				269851C82B308BB6008C0DA1 /* Base */,
			);
			name = LaunchScreen.storyboard;
			sourceTree = "<group>";
		};
/* End PBXVariantGroup section */

/* Begin XCBuildConfiguration section */
		269851E12B308BB7008C0DA1 /* Debug */ = {
			isa = XCBuildConfiguration;
			buildSettings = {
				ALWAYS_SEARCH_USER_PATHS = NO;
				ASSETCATALOG_COMPILER_GENERATE_SWIFT_ASSET_SYMBOL_EXTENSIONS = YES;
				CLANG_ANALYZER_NONNULL = YES;
				CLANG_ANALYZER_NUMBER_OBJECT_CONVERSION = YES_AGGRESSIVE;
				CLANG_CXX_LANGUAGE_STANDARD = "gnu++20";
				CLANG_ENABLE_MODULES = YES;
				CLANG_ENABLE_OBJC_ARC = YES;
				CLANG_ENABLE_OBJC_WEAK = YES;
				CLANG_WARN_BLOCK_CAPTURE_AUTORELEASING = YES;
				CLANG_WARN_BOOL_CONVERSION = YES;
				CLANG_WARN_COMMA = YES;
				CLANG_WARN_CONSTANT_CONVERSION = YES;
				CLANG_WARN_DEPRECATED_OBJC_IMPLEMENTATIONS = YES;
				CLANG_WARN_DIRECT_OBJC_ISA_USAGE = YES_ERROR;
				CLANG_WARN_DOCUMENTATION_COMMENTS = YES;
				CLANG_WARN_EMPTY_BODY = YES;
				CLANG_WARN_ENUM_CONVERSION = YES;
				CLANG_WARN_INFINITE_RECURSION = YES;
				CLANG_WARN_INT_CONVERSION = YES;
				CLANG_WARN_NON_LITERAL_NULL_CONVERSION = YES;
				CLANG_WARN_OBJC_IMPLICIT_RETAIN_SELF = YES;
				CLANG_WARN_OBJC_LITERAL_CONVERSION = YES;
				CLANG_WARN_OBJC_ROOT_CLASS = YES_ERROR;
				CLANG_WARN_QUOTED_INCLUDE_IN_FRAMEWORK_HEADER = YES;
				CLANG_WARN_RANGE_LOOP_ANALYSIS = YES;
				CLANG_WARN_STRICT_PROTOTYPES = YES;
				CLANG_WARN_SUSPICIOUS_MOVE = YES;
				CLANG_WARN_UNGUARDED_AVAILABILITY = YES_AGGRESSIVE;
				CLANG_WARN_UNREACHABLE_CODE = YES;
				CLANG_WARN__DUPLICATE_METHOD_MATCH = YES;
				COPY_PHASE_STRIP = NO;
				DEBUG_INFORMATION_FORMAT = dwarf;
				ENABLE_STRICT_OBJC_MSGSEND = YES;
				ENABLE_TESTABILITY = YES;
				ENABLE_USER_SCRIPT_SANDBOXING = YES;
				GCC_C_LANGUAGE_STANDARD = gnu17;
				GCC_DYNAMIC_NO_PIC = NO;
				GCC_NO_COMMON_BLOCKS = YES;
				GCC_OPTIMIZATION_LEVEL = 0;
				GCC_PREPROCESSOR_DEFINITIONS = (
					"DEBUG=1",
					"$(inherited)",
				);
				GCC_WARN_64_TO_32_BIT_CONVERSION = YES;
				GCC_WARN_ABOUT_RETURN_TYPE = YES_ERROR;
				GCC_WARN_UNDECLARED_SELECTOR = YES;
				GCC_WARN_UNINITIALIZED_AUTOS = YES_AGGRESSIVE;
				GCC_WARN_UNUSED_FUNCTION = YES;
				GCC_WARN_UNUSED_VARIABLE = YES;
				IPHONEOS_DEPLOYMENT_TARGET = 17.2;
				LOCALIZATION_PREFERS_STRING_CATALOGS = YES;
				MTL_ENABLE_DEBUG_INFO = INCLUDE_SOURCE;
				MTL_FAST_MATH = YES;
				ONLY_ACTIVE_ARCH = YES;
				SDKROOT = iphoneos;
				SWIFT_ACTIVE_COMPILATION_CONDITIONS = "DEBUG $(inherited)";
				SWIFT_OPTIMIZATION_LEVEL = "-Onone";
			};
			name = Debug;
		};
		269851E22B308BB7008C0DA1 /* Release */ = {
			isa = XCBuildConfiguration;
			buildSettings = {
				ALWAYS_SEARCH_USER_PATHS = NO;
				ASSETCATALOG_COMPILER_GENERATE_SWIFT_ASSET_SYMBOL_EXTENSIONS = YES;
				CLANG_ANALYZER_NONNULL = YES;
				CLANG_ANALYZER_NUMBER_OBJECT_CONVERSION = YES_AGGRESSIVE;
				CLANG_CXX_LANGUAGE_STANDARD = "gnu++20";
				CLANG_ENABLE_MODULES = YES;
				CLANG_ENABLE_OBJC_ARC = YES;
				CLANG_ENABLE_OBJC_WEAK = YES;
				CLANG_WARN_BLOCK_CAPTURE_AUTORELEASING = YES;
				CLANG_WARN_BOOL_CONVERSION = YES;
				CLANG_WARN_COMMA = YES;
				CLANG_WARN_CONSTANT_CONVERSION = YES;
				CLANG_WARN_DEPRECATED_OBJC_IMPLEMENTATIONS = YES;
				CLANG_WARN_DIRECT_OBJC_ISA_USAGE = YES_ERROR;
				CLANG_WARN_DOCUMENTATION_COMMENTS = YES;
				CLANG_WARN_EMPTY_BODY = YES;
				CLANG_WARN_ENUM_CONVERSION = YES;
				CLANG_WARN_INFINITE_RECURSION = YES;
				CLANG_WARN_INT_CONVERSION = YES;
				CLANG_WARN_NON_LITERAL_NULL_CONVERSION = YES;
				CLANG_WARN_OBJC_IMPLICIT_RETAIN_SELF = YES;
				CLANG_WARN_OBJC_LITERAL_CONVERSION = YES;
				CLANG_WARN_OBJC_ROOT_CLASS = YES_ERROR;
				CLANG_WARN_QUOTED_INCLUDE_IN_FRAMEWORK_HEADER = YES;
				CLANG_WARN_RANGE_LOOP_ANALYSIS = YES;
				CLANG_WARN_STRICT_PROTOTYPES = YES;
				CLANG_WARN_SUSPICIOUS_MOVE = YES;
				CLANG_WARN_UNGUARDED_AVAILABILITY = YES_AGGRESSIVE;
				CLANG_WARN_UNREACHABLE_CODE = YES;
				CLANG_WARN__DUPLICATE_METHOD_MATCH = YES;
				COPY_PHASE_STRIP = NO;
				DEBUG_INFORMATION_FORMAT = "dwarf-with-dsym";
				ENABLE_NS_ASSERTIONS = NO;
				ENABLE_STRICT_OBJC_MSGSEND = YES;
				ENABLE_USER_SCRIPT_SANDBOXING = YES;
				GCC_C_LANGUAGE_STANDARD = gnu17;
				GCC_NO_COMMON_BLOCKS = YES;
				GCC_WARN_64_TO_32_BIT_CONVERSION = YES;
				GCC_WARN_ABOUT_RETURN_TYPE = YES_ERROR;
				GCC_WARN_UNDECLARED_SELECTOR = YES;
				GCC_WARN_UNINITIALIZED_AUTOS = YES_AGGRESSIVE;
				GCC_WARN_UNUSED_FUNCTION = YES;
				GCC_WARN_UNUSED_VARIABLE = YES;
				IPHONEOS_DEPLOYMENT_TARGET = 17.2;
				LOCALIZATION_PREFERS_STRING_CATALOGS = YES;
				MTL_ENABLE_DEBUG_INFO = NO;
				MTL_FAST_MATH = YES;
				SDKROOT = iphoneos;
				SWIFT_COMPILATION_MODE = wholemodule;
				VALIDATE_PRODUCT = YES;
			};
			name = Release;
		};
		269851E42B308BB7008C0DA1 /* Debug */ = {
			isa = XCBuildConfiguration;
			buildSettings = {
				ASSETCATALOG_COMPILER_APPICON_NAME = AppIcon;
				ASSETCATALOG_COMPILER_GLOBAL_ACCENT_COLOR_NAME = AccentColor;
				CODE_SIGN_STYLE = Automatic;
				CURRENT_PROJECT_VERSION = 1;
				GENERATE_INFOPLIST_FILE = YES;
				INFOPLIST_FILE = YassirTestTask/Resources/Info.plist;
				INFOPLIST_KEY_UIApplicationSupportsIndirectInputEvents = YES;
				INFOPLIST_KEY_UILaunchStoryboardName = LaunchScreen;
				INFOPLIST_KEY_UISupportedInterfaceOrientations = "UIInterfaceOrientationLandscapeLeft UIInterfaceOrientationLandscapeRight UIInterfaceOrientationPortrait UIInterfaceOrientationPortraitUpsideDown";
				LD_RUNPATH_SEARCH_PATHS = (
					"$(inherited)",
					"@executable_path/Frameworks",
				);
				MARKETING_VERSION = 1.0;
				PRODUCT_BUNDLE_IDENTIFIER = yassir.app.YassirTestTask;
				PRODUCT_NAME = "$(TARGET_NAME)";
				SWIFT_EMIT_LOC_STRINGS = YES;
				SWIFT_VERSION = 5.0;
				TARGETED_DEVICE_FAMILY = "1,2";
			};
			name = Debug;
		};
		269851E52B308BB7008C0DA1 /* Release */ = {
			isa = XCBuildConfiguration;
			buildSettings = {
				ASSETCATALOG_COMPILER_APPICON_NAME = AppIcon;
				ASSETCATALOG_COMPILER_GLOBAL_ACCENT_COLOR_NAME = AccentColor;
				CODE_SIGN_STYLE = Automatic;
				CURRENT_PROJECT_VERSION = 1;
				GENERATE_INFOPLIST_FILE = YES;
				INFOPLIST_FILE = YassirTestTask/Resources/Info.plist;
				INFOPLIST_KEY_UIApplicationSupportsIndirectInputEvents = YES;
				INFOPLIST_KEY_UILaunchStoryboardName = LaunchScreen;
				INFOPLIST_KEY_UISupportedInterfaceOrientations = "UIInterfaceOrientationLandscapeLeft UIInterfaceOrientationLandscapeRight UIInterfaceOrientationPortrait UIInterfaceOrientationPortraitUpsideDown";
				LD_RUNPATH_SEARCH_PATHS = (
					"$(inherited)",
					"@executable_path/Frameworks",
				);
				MARKETING_VERSION = 1.0;
				PRODUCT_BUNDLE_IDENTIFIER = yassir.app.YassirTestTask;
				PRODUCT_NAME = "$(TARGET_NAME)";
				SWIFT_EMIT_LOC_STRINGS = YES;
				SWIFT_VERSION = 5.0;
				TARGETED_DEVICE_FAMILY = "1,2";
			};
			name = Release;
		};
		269851E72B308BB7008C0DA1 /* Debug */ = {
			isa = XCBuildConfiguration;
			buildSettings = {
				ALWAYS_EMBED_SWIFT_STANDARD_LIBRARIES = YES;
				BUNDLE_LOADER = "$(TEST_HOST)";
				CODE_SIGN_STYLE = Automatic;
				CURRENT_PROJECT_VERSION = 1;
				GENERATE_INFOPLIST_FILE = YES;
				IPHONEOS_DEPLOYMENT_TARGET = 17.2;
				MARKETING_VERSION = 1.0;
				PRODUCT_BUNDLE_IDENTIFIER = yassir.app.YassirTestTaskTests;
				PRODUCT_NAME = "$(TARGET_NAME)";
				SWIFT_EMIT_LOC_STRINGS = NO;
				SWIFT_VERSION = 5.0;
				TARGETED_DEVICE_FAMILY = "1,2";
				TEST_HOST = "$(BUILT_PRODUCTS_DIR)/YassirTestTask.app/$(BUNDLE_EXECUTABLE_FOLDER_PATH)/YassirTestTask";
			};
			name = Debug;
		};
		269851E82B308BB7008C0DA1 /* Release */ = {
			isa = XCBuildConfiguration;
			buildSettings = {
				ALWAYS_EMBED_SWIFT_STANDARD_LIBRARIES = YES;
				BUNDLE_LOADER = "$(TEST_HOST)";
				CODE_SIGN_STYLE = Automatic;
				CURRENT_PROJECT_VERSION = 1;
				GENERATE_INFOPLIST_FILE = YES;
				IPHONEOS_DEPLOYMENT_TARGET = 17.2;
				MARKETING_VERSION = 1.0;
				PRODUCT_BUNDLE_IDENTIFIER = yassir.app.YassirTestTaskTests;
				PRODUCT_NAME = "$(TARGET_NAME)";
				SWIFT_EMIT_LOC_STRINGS = NO;
				SWIFT_VERSION = 5.0;
				TARGETED_DEVICE_FAMILY = "1,2";
				TEST_HOST = "$(BUILT_PRODUCTS_DIR)/YassirTestTask.app/$(BUNDLE_EXECUTABLE_FOLDER_PATH)/YassirTestTask";
			};
			name = Release;
		};
		269851EA2B308BB7008C0DA1 /* Debug */ = {
			isa = XCBuildConfiguration;
			buildSettings = {
				ALWAYS_EMBED_SWIFT_STANDARD_LIBRARIES = YES;
				CODE_SIGN_STYLE = Automatic;
				CURRENT_PROJECT_VERSION = 1;
				GENERATE_INFOPLIST_FILE = YES;
				MARKETING_VERSION = 1.0;
				PRODUCT_BUNDLE_IDENTIFIER = yassir.app.YassirTestTaskUITests;
				PRODUCT_NAME = "$(TARGET_NAME)";
				SWIFT_EMIT_LOC_STRINGS = NO;
				SWIFT_VERSION = 5.0;
				TARGETED_DEVICE_FAMILY = "1,2";
				TEST_TARGET_NAME = YassirTestTask;
			};
			name = Debug;
		};
		269851EB2B308BB7008C0DA1 /* Release */ = {
			isa = XCBuildConfiguration;
			buildSettings = {
				ALWAYS_EMBED_SWIFT_STANDARD_LIBRARIES = YES;
				CODE_SIGN_STYLE = Automatic;
				CURRENT_PROJECT_VERSION = 1;
				GENERATE_INFOPLIST_FILE = YES;
				MARKETING_VERSION = 1.0;
				PRODUCT_BUNDLE_IDENTIFIER = yassir.app.YassirTestTaskUITests;
				PRODUCT_NAME = "$(TARGET_NAME)";
				SWIFT_EMIT_LOC_STRINGS = NO;
				SWIFT_VERSION = 5.0;
				TARGETED_DEVICE_FAMILY = "1,2";
				TEST_TARGET_NAME = YassirTestTask;
			};
			name = Release;
		};
/* End XCBuildConfiguration section */

/* Begin XCConfigurationList section */
		269851B42B308BB4008C0DA1 /* Build configuration list for PBXProject "YassirTestTask" */ = {
			isa = XCConfigurationList;
			buildConfigurations = (
				269851E12B308BB7008C0DA1 /* Debug */,
				269851E22B308BB7008C0DA1 /* Release */,
			);
			defaultConfigurationIsVisible = 0;
			defaultConfigurationName = Release;
		};
		269851E32B308BB7008C0DA1 /* Build configuration list for PBXNativeTarget "YassirTestTask" */ = {
			isa = XCConfigurationList;
			buildConfigurations = (
				269851E42B308BB7008C0DA1 /* Debug */,
				269851E52B308BB7008C0DA1 /* Release */,
			);
			defaultConfigurationIsVisible = 0;
			defaultConfigurationName = Release;
		};
		269851E62B308BB7008C0DA1 /* Build configuration list for PBXNativeTarget "YassirTestTaskTests" */ = {
			isa = XCConfigurationList;
			buildConfigurations = (
				269851E72B308BB7008C0DA1 /* Debug */,
				269851E82B308BB7008C0DA1 /* Release */,
			);
			defaultConfigurationIsVisible = 0;
			defaultConfigurationName = Release;
		};
		269851E92B308BB7008C0DA1 /* Build configuration list for PBXNativeTarget "YassirTestTaskUITests" */ = {
			isa = XCConfigurationList;
			buildConfigurations = (
				269851EA2B308BB7008C0DA1 /* Debug */,
				269851EB2B308BB7008C0DA1 /* Release */,
			);
			defaultConfigurationIsVisible = 0;
			defaultConfigurationName = Release;
		};
/* End XCConfigurationList section */
	};
	rootObject = 269851B12B308BB4008C0DA1 /* Project object */;
}
